
Microsoft Visual Studio Solution File, Format Version 12.00
# Visual Studio Version 17
VisualStudioVersion = 17.0.31903.59
MinimumVisualStudioVersion = 10.0.40219.1
Project("{2150E333-8FDC-42A3-9474-1A3956D46DE8}") = "src", "src", "{336BE501-C28C-4E2B-A056-8483F3817C44}"
EndProject
Project("{F2A71F9B-5D33-465A-A702-920D77279786}") = "WorksServer", "src\WorksServer\WorksServer.fsproj", "{0DB2AF28-A1BB-4993-BBA3-B19BE171D82D}"
EndProject
Global
	GlobalSection(SolutionConfigurationPlatforms) = preSolution
		Debug|Any CPU = Debug|Any CPU
		Release|Any CPU = Release|Any CPU
	EndGlobalSection
	GlobalSection(SolutionProperties) = preSolution
		HideSolutionNode = FALSE
	EndGlobalSection
	GlobalSection(ProjectConfigurationPlatforms) = postSolution
		{0DB2AF28-A1BB-4993-BBA3-B19BE171D82D}.Debug|Any CPU.ActiveCfg = Debug|Any CPU
		{0DB2AF28-A1BB-4993-BBA3-B19BE171D82D}.Debug|Any CPU.Build.0 = Debug|Any CPU
		{0DB2AF28-A1BB-4993-BBA3-B19BE171D82D}.Release|Any CPU.ActiveCfg = Release|Any CPU
		{0DB2AF28-A1BB-4993-BBA3-B19BE171D82D}.Release|Any CPU.Build.0 = Release|Any CPU
	EndGlobalSection
	GlobalSection(NestedProjects) = preSolution
		{0DB2AF28-A1BB-4993-BBA3-B19BE171D82D} = {336BE501-C28C-4E2B-A056-8483F3817C44}
	EndGlobalSection
EndGlobal
